
Microsoft Visual Studio Solution File, Format Version 12.00
# Visual Studio Version 16
VisualStudioVersion = 16.0.28803.156
MinimumVisualStudioVersion = 10.0.40219.1
Project("{2150E333-8FDC-42A3-9474-1A3956D46DE8}") = "计算机视觉实验", "计算机视觉实验", "{F21F956E-8FA0-45F5-8DEC-F555A05A90D1}"
EndProject
Project("{2150E333-8FDC-42A3-9474-1A3956D46DE8}") = "形态学滤波", "形态学滤波", "{91346438-DABC-43D3-A52A-DB0D6E830E79}"
EndProject
Project("{8BC9CEB8-8B4A-11D0-8D11-00A0C91BC942}") = "膨胀", "形态学滤波\膨胀\膨胀.vcxproj", "{B219BDBF-6C6E-456A-9556-30127AB49357}"
EndProject
Project("{8BC9CEB8-8B4A-11D0-8D11-00A0C91BC942}") = "腐蚀", "形态学滤波\腐蚀\腐蚀.vcxproj", "{D7338256-9600-433B-A0CA-64A10E7409E0}"
EndProject
Project("{2150E333-8FDC-42A3-9474-1A3956D46DE8}") = "线性滤波", "线性滤波", "{E22708C1-865D-4025-8A5A-D13B59867113}"
EndProject
Project("{8BC9CEB8-8B4A-11D0-8D11-00A0C91BC942}") = "均值滤波", "线性滤波\均值滤波\均值滤波.vcxproj", "{28A807D8-AB45-4FD7-804C-4E879D3F4E51}"
EndProject
Project("{8BC9CEB8-8B4A-11D0-8D11-00A0C91BC942}") = "高斯滤波", "线性滤波\高斯滤波\高斯滤波.vcxproj", "{390D458C-A81F-4D65-A908-EAC998CF42BE}"
EndProject
Project("{8BC9CEB8-8B4A-11D0-8D11-00A0C91BC942}") = "方框滤波", "线性滤波\方框滤波\方框滤波.vcxproj", "{85714340-7DA9-4EF2-9AEC-1B6B6C325830}"
EndProject
Project("{2150E333-8FDC-42A3-9474-1A3956D46DE8}") = "角点检测", "角点检测", "{BE520404-0236-45D2-AFA0-0F3DFB8031E7}"
EndProject
Project("{8BC9CEB8-8B4A-11D0-8D11-00A0C91BC942}") = "Shi-Tomasi", "角点检测\Shi-Tomasi\Shi-Tomasi.vcxproj", "{82893845-8D6C-4C64-9FFA-7801CA5687B4}"
EndProject
Project("{8BC9CEB8-8B4A-11D0-8D11-00A0C91BC942}") = "Harris", "角点检测\Harris\Harris.vcxproj", "{45A151B2-38C4-4621-8894-4157CEF9B34F}"
EndProject
Project("{8BC9CEB8-8B4A-11D0-8D11-00A0C91BC942}") = "CornerSubPix", "角点检测\CornerSubPix\CornerSubPix.vcxproj", "{1A221E6D-F314-4187-9503-01DC142A3CC5}"
EndProject
Project("{2150E333-8FDC-42A3-9474-1A3956D46DE8}") = "边缘检测", "边缘检测", "{A33D2215-0A6C-4AFE-BCC4-716F2DE415B0}"
EndProject
Project("{8BC9CEB8-8B4A-11D0-8D11-00A0C91BC942}") = "Sobel", "边缘检测\Sobel\Sobel.vcxproj", "{BBCBD747-052E-4447-A08F-A61D224A42E9}"
EndProject
Project("{8BC9CEB8-8B4A-11D0-8D11-00A0C91BC942}") = "Laplacian", "边缘检测\Laplacian\Laplacian.vcxproj", "{CA9FBCBD-CDAD-49B8-B147-82D85F297ADD}"
EndProject
Project("{8BC9CEB8-8B4A-11D0-8D11-00A0C91BC942}") = "Canny", "边缘检测\Canny\Canny.vcxproj", "{E0E9E504-5164-40FB-9341-62E05F3CEFB7}"
EndProject
Project("{8BC9CEB8-8B4A-11D0-8D11-00A0C91BC942}") = "开运算", "形态学滤波\开运算\开运算.vcxproj", "{F6F6FEE2-9058-4D26-A7C6-8A10D7CA2A15}"
EndProject
Project("{8BC9CEB8-8B4A-11D0-8D11-00A0C91BC942}") = "闭运算", "形态学滤波\闭运算\闭运算.vcxproj", "{E6CD40D5-E531-4209-89DB-89AEFC7AD24A}"
EndProject
Project("{8BC9CEB8-8B4A-11D0-8D11-00A0C91BC942}") = "形态学梯度", "形态学滤波\形态学梯度\形态学梯度.vcxproj", "{617B448D-9DA7-40B1-9683-3EF8D9F50A96}"
EndProject
Project("{8BC9CEB8-8B4A-11D0-8D11-00A0C91BC942}") = "顶帽", "形态学滤波\顶帽\顶帽.vcxproj", "{F1FC7748-D0D9-411F-B3CE-E5CF96724551}"
EndProject
Project("{8BC9CEB8-8B4A-11D0-8D11-00A0C91BC942}") = "黑帽", "形态学滤波\黑帽\黑帽.vcxproj", "{D406FB42-705C-418B-B0F9-9F6435F025CE}"
EndProject
Global
	GlobalSection(SolutionConfigurationPlatforms) = preSolution
		Debug|Any CPU = Debug|Any CPU
		Debug|x64 = Debug|x64
		Debug|x86 = Debug|x86
		Release|Any CPU = Release|Any CPU
		Release|x64 = Release|x64
		Release|x86 = Release|x86
	EndGlobalSection
	GlobalSection(ProjectConfigurationPlatforms) = postSolution
		{B219BDBF-6C6E-456A-9556-30127AB49357}.Debug|Any CPU.ActiveCfg = Debug|Win32
		{B219BDBF-6C6E-456A-9556-30127AB49357}.Debug|x64.ActiveCfg = Debug|x64
		{B219BDBF-6C6E-456A-9556-30127AB49357}.Debug|x64.Build.0 = Debug|x64
		{B219BDBF-6C6E-456A-9556-30127AB49357}.Debug|x86.ActiveCfg = Debug|Win32
		{B219BDBF-6C6E-456A-9556-30127AB49357}.Debug|x86.Build.0 = Debug|Win32
		{B219BDBF-6C6E-456A-9556-30127AB49357}.Release|Any CPU.ActiveCfg = Release|Win32
		{B219BDBF-6C6E-456A-9556-30127AB49357}.Release|x64.ActiveCfg = Release|x64
		{B219BDBF-6C6E-456A-9556-30127AB49357}.Release|x64.Build.0 = Release|x64
		{B219BDBF-6C6E-456A-9556-30127AB49357}.Release|x86.ActiveCfg = Release|Win32
		{B219BDBF-6C6E-456A-9556-30127AB49357}.Release|x86.Build.0 = Release|Win32
		{D7338256-9600-433B-A0CA-64A10E7409E0}.Debug|Any CPU.ActiveCfg = Debug|Win32
		{D7338256-9600-433B-A0CA-64A10E7409E0}.Debug|x64.ActiveCfg = Debug|x64
		{D7338256-9600-433B-A0CA-64A10E7409E0}.Debug|x64.Build.0 = Debug|x64
		{D7338256-9600-433B-A0CA-64A10E7409E0}.Debug|x86.ActiveCfg = Debug|Win32
		{D7338256-9600-433B-A0CA-64A10E7409E0}.Debug|x86.Build.0 = Debug|Win32
		{D7338256-9600-433B-A0CA-64A10E7409E0}.Release|Any CPU.ActiveCfg = Release|Win32
		{D7338256-9600-433B-A0CA-64A10E7409E0}.Release|x64.ActiveCfg = Release|x64
		{D7338256-9600-433B-A0CA-64A10E7409E0}.Release|x64.Build.0 = Release|x64
		{D7338256-9600-433B-A0CA-64A10E7409E0}.Release|x86.ActiveCfg = Release|Win32
		{D7338256-9600-433B-A0CA-64A10E7409E0}.Release|x86.Build.0 = Release|Win32
		{28A807D8-AB45-4FD7-804C-4E879D3F4E51}.Debug|Any CPU.ActiveCfg = Debug|Win32
		{28A807D8-AB45-4FD7-804C-4E879D3F4E51}.Debug|x64.ActiveCfg = Debug|x64
		{28A807D8-AB45-4FD7-804C-4E879D3F4E51}.Debug|x64.Build.0 = Debug|x64
		{28A807D8-AB45-4FD7-804C-4E879D3F4E51}.Debug|x86.ActiveCfg = Debug|Win32
		{28A807D8-AB45-4FD7-804C-4E879D3F4E51}.Debug|x86.Build.0 = Debug|Win32
		{28A807D8-AB45-4FD7-804C-4E879D3F4E51}.Release|Any CPU.ActiveCfg = Release|Win32
		{28A807D8-AB45-4FD7-804C-4E879D3F4E51}.Release|x64.ActiveCfg = Release|x64
		{28A807D8-AB45-4FD7-804C-4E879D3F4E51}.Release|x64.Build.0 = Release|x64
		{28A807D8-AB45-4FD7-804C-4E879D3F4E51}.Release|x86.ActiveCfg = Release|Win32
		{28A807D8-AB45-4FD7-804C-4E879D3F4E51}.Release|x86.Build.0 = Release|Win32
		{390D458C-A81F-4D65-A908-EAC998CF42BE}.Debug|Any CPU.ActiveCfg = Debug|Win32
		{390D458C-A81F-4D65-A908-EAC998CF42BE}.Debug|x64.ActiveCfg = Debug|x64
		{390D458C-A81F-4D65-A908-EAC998CF42BE}.Debug|x64.Build.0 = Debug|x64
		{390D458C-A81F-4D65-A908-EAC998CF42BE}.Debug|x86.ActiveCfg = Debug|Win32
		{390D458C-A81F-4D65-A908-EAC998CF42BE}.Debug|x86.Build.0 = Debug|Win32
		{390D458C-A81F-4D65-A908-EAC998CF42BE}.Release|Any CPU.ActiveCfg = Release|Win32
		{390D458C-A81F-4D65-A908-EAC998CF42BE}.Release|x64.ActiveCfg = Release|x64
		{390D458C-A81F-4D65-A908-EAC998CF42BE}.Release|x64.Build.0 = Release|x64
		{390D458C-A81F-4D65-A908-EAC998CF42BE}.Release|x86.ActiveCfg = Release|Win32
		{390D458C-A81F-4D65-A908-EAC998CF42BE}.Release|x86.Build.0 = Release|Win32
		{85714340-7DA9-4EF2-9AEC-1B6B6C325830}.Debug|Any CPU.ActiveCfg = Debug|Win32
		{85714340-7DA9-4EF2-9AEC-1B6B6C325830}.Debug|x64.ActiveCfg = Debug|x64
		{85714340-7DA9-4EF2-9AEC-1B6B6C325830}.Debug|x64.Build.0 = Debug|x64
		{85714340-7DA9-4EF2-9AEC-1B6B6C325830}.Debug|x86.ActiveCfg = Debug|Win32
		{85714340-7DA9-4EF2-9AEC-1B6B6C325830}.Debug|x86.Build.0 = Debug|Win32
		{85714340-7DA9-4EF2-9AEC-1B6B6C325830}.Release|Any CPU.ActiveCfg = Release|Win32
		{85714340-7DA9-4EF2-9AEC-1B6B6C325830}.Release|x64.ActiveCfg = Release|x64
		{85714340-7DA9-4EF2-9AEC-1B6B6C325830}.Release|x64.Build.0 = Release|x64
		{85714340-7DA9-4EF2-9AEC-1B6B6C325830}.Release|x86.ActiveCfg = Release|Win32
		{85714340-7DA9-4EF2-9AEC-1B6B6C325830}.Release|x86.Build.0 = Release|Win32
		{82893845-8D6C-4C64-9FFA-7801CA5687B4}.Debug|Any CPU.ActiveCfg = Debug|Win32
		{82893845-8D6C-4C64-9FFA-7801CA5687B4}.Debug|x64.ActiveCfg = Debug|x64
		{82893845-8D6C-4C64-9FFA-7801CA5687B4}.Debug|x64.Build.0 = Debug|x64
		{82893845-8D6C-4C64-9FFA-7801CA5687B4}.Debug|x86.ActiveCfg = Debug|Win32
		{82893845-8D6C-4C64-9FFA-7801CA5687B4}.Debug|x86.Build.0 = Debug|Win32
		{82893845-8D6C-4C64-9FFA-7801CA5687B4}.Release|Any CPU.ActiveCfg = Release|Win32
		{82893845-8D6C-4C64-9FFA-7801CA5687B4}.Release|x64.ActiveCfg = Release|x64
		{82893845-8D6C-4C64-9FFA-7801CA5687B4}.Release|x64.Build.0 = Release|x64
		{82893845-8D6C-4C64-9FFA-7801CA5687B4}.Release|x86.ActiveCfg = Release|Win32
		{82893845-8D6C-4C64-9FFA-7801CA5687B4}.Release|x86.Build.0 = Release|Win32
		{45A151B2-38C4-4621-8894-4157CEF9B34F}.Debug|Any CPU.ActiveCfg = Debug|Win32
		{45A151B2-38C4-4621-8894-4157CEF9B34F}.Debug|x64.ActiveCfg = Debug|x64
		{45A151B2-38C4-4621-8894-4157CEF9B34F}.Debug|x64.Build.0 = Debug|x64
		{45A151B2-38C4-4621-8894-4157CEF9B34F}.Debug|x86.ActiveCfg = Debug|Win32
		{45A151B2-38C4-4621-8894-4157CEF9B34F}.Debug|x86.Build.0 = Debug|Win32
		{45A151B2-38C4-4621-8894-4157CEF9B34F}.Release|Any CPU.ActiveCfg = Release|Win32
		{45A151B2-38C4-4621-8894-4157CEF9B34F}.Release|x64.ActiveCfg = Release|x64
		{45A151B2-38C4-4621-8894-4157CEF9B34F}.Release|x64.Build.0 = Release|x64
		{45A151B2-38C4-4621-8894-4157CEF9B34F}.Release|x86.ActiveCfg = Release|Win32
		{45A151B2-38C4-4621-8894-4157CEF9B34F}.Release|x86.Build.0 = Release|Win32
		{1A221E6D-F314-4187-9503-01DC142A3CC5}.Debug|Any CPU.ActiveCfg = Debug|Win32
		{1A221E6D-F314-4187-9503-01DC142A3CC5}.Debug|x64.ActiveCfg = Debug|x64
		{1A221E6D-F314-4187-9503-01DC142A3CC5}.Debug|x64.Build.0 = Debug|x64
		{1A221E6D-F314-4187-9503-01DC142A3CC5}.Debug|x86.ActiveCfg = Debug|Win32
		{1A221E6D-F314-4187-9503-01DC142A3CC5}.Debug|x86.Build.0 = Debug|Win32
		{1A221E6D-F314-4187-9503-01DC142A3CC5}.Release|Any CPU.ActiveCfg = Release|Win32
		{1A221E6D-F314-4187-9503-01DC142A3CC5}.Release|x64.ActiveCfg = Release|x64
		{1A221E6D-F314-4187-9503-01DC142A3CC5}.Release|x64.Build.0 = Release|x64
		{1A221E6D-F314-4187-9503-01DC142A3CC5}.Release|x86.ActiveCfg = Release|Win32
		{1A221E6D-F314-4187-9503-01DC142A3CC5}.Release|x86.Build.0 = Release|Win32
		{BBCBD747-052E-4447-A08F-A61D224A42E9}.Debug|Any CPU.ActiveCfg = Debug|Win32
		{BBCBD747-052E-4447-A08F-A61D224A42E9}.Debug|x64.ActiveCfg = Debug|x64
		{BBCBD747-052E-4447-A08F-A61D224A42E9}.Debug|x64.Build.0 = Debug|x64
		{BBCBD747-052E-4447-A08F-A61D224A42E9}.Debug|x86.ActiveCfg = Debug|Win32
		{BBCBD747-052E-4447-A08F-A61D224A42E9}.Debug|x86.Build.0 = Debug|Win32
		{BBCBD747-052E-4447-A08F-A61D224A42E9}.Release|Any CPU.ActiveCfg = Release|Win32
		{BBCBD747-052E-4447-A08F-A61D224A42E9}.Release|x64.ActiveCfg = Release|x64
		{BBCBD747-052E-4447-A08F-A61D224A42E9}.Release|x64.Build.0 = Release|x64
		{BBCBD747-052E-4447-A08F-A61D224A42E9}.Release|x86.ActiveCfg = Release|Win32
		{BBCBD747-052E-4447-A08F-A61D224A42E9}.Release|x86.Build.0 = Release|Win32
		{CA9FBCBD-CDAD-49B8-B147-82D85F297ADD}.Debug|Any CPU.ActiveCfg = Debug|Win32
		{CA9FBCBD-CDAD-49B8-B147-82D85F297ADD}.Debug|x64.ActiveCfg = Debug|x64
		{CA9FBCBD-CDAD-49B8-B147-82D85F297ADD}.Debug|x64.Build.0 = Debug|x64
		{CA9FBCBD-CDAD-49B8-B147-82D85F297ADD}.Debug|x86.ActiveCfg = Debug|Win32
		{CA9FBCBD-CDAD-49B8-B147-82D85F297ADD}.Debug|x86.Build.0 = Debug|Win32
		{CA9FBCBD-CDAD-49B8-B147-82D85F297ADD}.Release|Any CPU.ActiveCfg = Release|Win32
		{CA9FBCBD-CDAD-49B8-B147-82D85F297ADD}.Release|x64.ActiveCfg = Release|x64
		{CA9FBCBD-CDAD-49B8-B147-82D85F297ADD}.Release|x64.Build.0 = Release|x64
		{CA9FBCBD-CDAD-49B8-B147-82D85F297ADD}.Release|x86.ActiveCfg = Release|Win32
		{CA9FBCBD-CDAD-49B8-B147-82D85F297ADD}.Release|x86.Build.0 = Release|Win32
		{E0E9E504-5164-40FB-9341-62E05F3CEFB7}.Debug|Any CPU.ActiveCfg = Debug|Win32
		{E0E9E504-5164-40FB-9341-62E05F3CEFB7}.Debug|x64.ActiveCfg = Debug|x64
		{E0E9E504-5164-40FB-9341-62E05F3CEFB7}.Debug|x64.Build.0 = Debug|x64
		{E0E9E504-5164-40FB-9341-62E05F3CEFB7}.Debug|x86.ActiveCfg = Debug|Win32
		{E0E9E504-5164-40FB-9341-62E05F3CEFB7}.Debug|x86.Build.0 = Debug|Win32
		{E0E9E504-5164-40FB-9341-62E05F3CEFB7}.Release|Any CPU.ActiveCfg = Release|Win32
		{E0E9E504-5164-40FB-9341-62E05F3CEFB7}.Release|x64.ActiveCfg = Release|x64
		{E0E9E504-5164-40FB-9341-62E05F3CEFB7}.Release|x64.Build.0 = Release|x64
		{E0E9E504-5164-40FB-9341-62E05F3CEFB7}.Release|x86.ActiveCfg = Release|Win32
		{E0E9E504-5164-40FB-9341-62E05F3CEFB7}.Release|x86.Build.0 = Release|Win32
		{F6F6FEE2-9058-4D26-A7C6-8A10D7CA2A15}.Debug|Any CPU.ActiveCfg = Debug|Win32
		{F6F6FEE2-9058-4D26-A7C6-8A10D7CA2A15}.Debug|x64.ActiveCfg = Debug|x64
		{F6F6FEE2-9058-4D26-A7C6-8A10D7CA2A15}.Debug|x64.Build.0 = Debug|x64
		{F6F6FEE2-9058-4D26-A7C6-8A10D7CA2A15}.Debug|x86.ActiveCfg = Debug|Win32
		{F6F6FEE2-9058-4D26-A7C6-8A10D7CA2A15}.Debug|x86.Build.0 = Debug|Win32
		{F6F6FEE2-9058-4D26-A7C6-8A10D7CA2A15}.Release|Any CPU.ActiveCfg = Release|Win32
		{F6F6FEE2-9058-4D26-A7C6-8A10D7CA2A15}.Release|x64.ActiveCfg = Release|x64
		{F6F6FEE2-9058-4D26-A7C6-8A10D7CA2A15}.Release|x64.Build.0 = Release|x64
		{F6F6FEE2-9058-4D26-A7C6-8A10D7CA2A15}.Release|x86.ActiveCfg = Release|Win32
		{F6F6FEE2-9058-4D26-A7C6-8A10D7CA2A15}.Release|x86.Build.0 = Release|Win32
		{E6CD40D5-E531-4209-89DB-89AEFC7AD24A}.Debug|Any CPU.ActiveCfg = Debug|Win32
		{E6CD40D5-E531-4209-89DB-89AEFC7AD24A}.Debug|x64.ActiveCfg = Debug|x64
		{E6CD40D5-E531-4209-89DB-89AEFC7AD24A}.Debug|x64.Build.0 = Debug|x64
		{E6CD40D5-E531-4209-89DB-89AEFC7AD24A}.Debug|x86.ActiveCfg = Debug|Win32
		{E6CD40D5-E531-4209-89DB-89AEFC7AD24A}.Debug|x86.Build.0 = Debug|Win32
		{E6CD40D5-E531-4209-89DB-89AEFC7AD24A}.Release|Any CPU.ActiveCfg = Release|Win32
		{E6CD40D5-E531-4209-89DB-89AEFC7AD24A}.Release|x64.ActiveCfg = Release|x64
		{E6CD40D5-E531-4209-89DB-89AEFC7AD24A}.Release|x64.Build.0 = Release|x64
		{E6CD40D5-E531-4209-89DB-89AEFC7AD24A}.Release|x86.ActiveCfg = Release|Win32
		{E6CD40D5-E531-4209-89DB-89AEFC7AD24A}.Release|x86.Build.0 = Release|Win32
		{617B448D-9DA7-40B1-9683-3EF8D9F50A96}.Debug|Any CPU.ActiveCfg = Debug|Win32
		{617B448D-9DA7-40B1-9683-3EF8D9F50A96}.Debug|x64.ActiveCfg = Debug|x64
		{617B448D-9DA7-40B1-9683-3EF8D9F50A96}.Debug|x64.Build.0 = Debug|x64
		{617B448D-9DA7-40B1-9683-3EF8D9F50A96}.Debug|x86.ActiveCfg = Debug|Win32
		{617B448D-9DA7-40B1-9683-3EF8D9F50A96}.Debug|x86.Build.0 = Debug|Win32
		{617B448D-9DA7-40B1-9683-3EF8D9F50A96}.Release|Any CPU.ActiveCfg = Release|Win32
		{617B448D-9DA7-40B1-9683-3EF8D9F50A96}.Release|x64.ActiveCfg = Release|x64
		{617B448D-9DA7-40B1-9683-3EF8D9F50A96}.Release|x64.Build.0 = Release|x64
		{617B448D-9DA7-40B1-9683-3EF8D9F50A96}.Release|x86.ActiveCfg = Release|Win32
		{617B448D-9DA7-40B1-9683-3EF8D9F50A96}.Release|x86.Build.0 = Release|Win32
		{F1FC7748-D0D9-411F-B3CE-E5CF96724551}.Debug|Any CPU.ActiveCfg = Debug|Win32
		{F1FC7748-D0D9-411F-B3CE-E5CF96724551}.Debug|x64.ActiveCfg = Debug|x64
		{F1FC7748-D0D9-411F-B3CE-E5CF96724551}.Debug|x64.Build.0 = Debug|x64
		{F1FC7748-D0D9-411F-B3CE-E5CF96724551}.Debug|x86.ActiveCfg = Debug|Win32
		{F1FC7748-D0D9-411F-B3CE-E5CF96724551}.Debug|x86.Build.0 = Debug|Win32
		{F1FC7748-D0D9-411F-B3CE-E5CF96724551}.Release|Any CPU.ActiveCfg = Release|Win32
		{F1FC7748-D0D9-411F-B3CE-E5CF96724551}.Release|x64.ActiveCfg = Release|x64
		{F1FC7748-D0D9-411F-B3CE-E5CF96724551}.Release|x64.Build.0 = Release|x64
		{F1FC7748-D0D9-411F-B3CE-E5CF96724551}.Release|x86.ActiveCfg = Release|Win32
		{F1FC7748-D0D9-411F-B3CE-E5CF96724551}.Release|x86.Build.0 = Release|Win32
		{D406FB42-705C-418B-B0F9-9F6435F025CE}.Debug|Any CPU.ActiveCfg = Debug|Win32
		{D406FB42-705C-418B-B0F9-9F6435F025CE}.Debug|x64.ActiveCfg = Debug|x64
		{D406FB42-705C-418B-B0F9-9F6435F025CE}.Debug|x64.Build.0 = Debug|x64
		{D406FB42-705C-418B-B0F9-9F6435F025CE}.Debug|x86.ActiveCfg = Debug|Win32
		{D406FB42-705C-418B-B0F9-9F6435F025CE}.Debug|x86.Build.0 = Debug|Win32
		{D406FB42-705C-418B-B0F9-9F6435F025CE}.Release|Any CPU.ActiveCfg = Release|Win32
		{D406FB42-705C-418B-B0F9-9F6435F025CE}.Release|x64.ActiveCfg = Release|x64
		{D406FB42-705C-418B-B0F9-9F6435F025CE}.Release|x64.Build.0 = Release|x64
		{D406FB42-705C-418B-B0F9-9F6435F025CE}.Release|x86.ActiveCfg = Release|Win32
		{D406FB42-705C-418B-B0F9-9F6435F025CE}.Release|x86.Build.0 = Release|Win32
	EndGlobalSection
	GlobalSection(SolutionProperties) = preSolution
		HideSolutionNode = FALSE
	EndGlobalSection
	GlobalSection(NestedProjects) = preSolution
		{91346438-DABC-43D3-A52A-DB0D6E830E79} = {F21F956E-8FA0-45F5-8DEC-F555A05A90D1}
		{B219BDBF-6C6E-456A-9556-30127AB49357} = {91346438-DABC-43D3-A52A-DB0D6E830E79}
		{D7338256-9600-433B-A0CA-64A10E7409E0} = {91346438-DABC-43D3-A52A-DB0D6E830E79}
		{E22708C1-865D-4025-8A5A-D13B59867113} = {F21F956E-8FA0-45F5-8DEC-F555A05A90D1}
		{28A807D8-AB45-4FD7-804C-4E879D3F4E51} = {E22708C1-865D-4025-8A5A-D13B59867113}
		{390D458C-A81F-4D65-A908-EAC998CF42BE} = {E22708C1-865D-4025-8A5A-D13B59867113}
		{85714340-7DA9-4EF2-9AEC-1B6B6C325830} = {E22708C1-865D-4025-8A5A-D13B59867113}
		{BE520404-0236-45D2-AFA0-0F3DFB8031E7} = {F21F956E-8FA0-45F5-8DEC-F555A05A90D1}
		{82893845-8D6C-4C64-9FFA-7801CA5687B4} = {BE520404-0236-45D2-AFA0-0F3DFB8031E7}
		{45A151B2-38C4-4621-8894-4157CEF9B34F} = {BE520404-0236-45D2-AFA0-0F3DFB8031E7}
		{1A221E6D-F314-4187-9503-01DC142A3CC5} = {BE520404-0236-45D2-AFA0-0F3DFB8031E7}
		{A33D2215-0A6C-4AFE-BCC4-716F2DE415B0} = {F21F956E-8FA0-45F5-8DEC-F555A05A90D1}
		{BBCBD747-052E-4447-A08F-A61D224A42E9} = {A33D2215-0A6C-4AFE-BCC4-716F2DE415B0}
		{CA9FBCBD-CDAD-49B8-B147-82D85F297ADD} = {A33D2215-0A6C-4AFE-BCC4-716F2DE415B0}
		{E0E9E504-5164-40FB-9341-62E05F3CEFB7} = {A33D2215-0A6C-4AFE-BCC4-716F2DE415B0}
		{F6F6FEE2-9058-4D26-A7C6-8A10D7CA2A15} = {91346438-DABC-43D3-A52A-DB0D6E830E79}
		{E6CD40D5-E531-4209-89DB-89AEFC7AD24A} = {91346438-DABC-43D3-A52A-DB0D6E830E79}
		{617B448D-9DA7-40B1-9683-3EF8D9F50A96} = {91346438-DABC-43D3-A52A-DB0D6E830E79}
		{F1FC7748-D0D9-411F-B3CE-E5CF96724551} = {91346438-DABC-43D3-A52A-DB0D6E830E79}
		{D406FB42-705C-418B-B0F9-9F6435F025CE} = {91346438-DABC-43D3-A52A-DB0D6E830E79}
	EndGlobalSection
	GlobalSection(ExtensibilityGlobals) = postSolution
		SolutionGuid = {D7D35004-48E4-4A9E-B6F7-058FFA663D02}
	EndGlobalSection
EndGlobal
