
Microsoft Visual Studio Solution File, Format Version 12.00
# Visual Studio Version 16
VisualStudioVersion = 16.0.28803.156
MinimumVisualStudioVersion = 10.0.40219.1
Project("{2150E333-8FDC-42A3-9474-1A3956D46DE8}") = "边缘检测", "边缘检测", "{3B8BC870-0E00-4F0E-9979-943F08D0B5D2}"
EndProject
Project("{2150E333-8FDC-42A3-9474-1A3956D46DE8}") = "角点检测", "角点检测", "{2DD1671A-3ADC-42E6-80EC-E75BADDB7369}"
EndProject
Project("{2150E333-8FDC-42A3-9474-1A3956D46DE8}") = "线性滤波", "线性滤波", "{C263AD07-22E0-4A10-8EDA-AF1D569683AA}"
EndProject
Project("{8BC9CEB8-8B4A-11D0-8D11-00A0C91BC942}") = "方框滤波", "方框滤波\方框滤波.vcxproj", "{85714340-7DA9-4EF2-9AEC-1B6B6C325830}"
EndProject
Project("{8BC9CEB8-8B4A-11D0-8D11-00A0C91BC942}") = "均值滤波", "均值滤波\均值滤波.vcxproj", "{28A807D8-AB45-4FD7-804C-4E879D3F4E51}"
EndProject
Project("{8BC9CEB8-8B4A-11D0-8D11-00A0C91BC942}") = "高斯滤波", "高斯滤波\高斯滤波.vcxproj", "{390D458C-A81F-4D65-A908-EAC998CF42BE}"
EndProject
Project("{8BC9CEB8-8B4A-11D0-8D11-00A0C91BC942}") = "Canny", "Canny\Canny.vcxproj", "{E0E9E504-5164-40FB-9341-62E05F3CEFB7}"
EndProject
Project("{8BC9CEB8-8B4A-11D0-8D11-00A0C91BC942}") = "Sobel", "Sobel\Sobel.vcxproj", "{BBCBD747-052E-4447-A08F-A61D224A42E9}"
EndProject
Project("{8BC9CEB8-8B4A-11D0-8D11-00A0C91BC942}") = "Laplacian", "Laplacian\Laplacian.vcxproj", "{CA9FBCBD-CDAD-49B8-B147-82D85F297ADD}"
EndProject
Project("{8BC9CEB8-8B4A-11D0-8D11-00A0C91BC942}") = "Harris", "Harris\Harris.vcxproj", "{45A151B2-38C4-4621-8894-4157CEF9B34F}"
EndProject
Project("{2150E333-8FDC-42A3-9474-1A3956D46DE8}") = "计算机视觉实验", "计算机视觉实验", "{F21F956E-8FA0-45F5-8DEC-F555A05A90D1}"
EndProject
Project("{8BC9CEB8-8B4A-11D0-8D11-00A0C91BC942}") = "Shi-Tomasi", "Shi-Tomasi\Shi-Tomasi.vcxproj", "{82893845-8D6C-4C64-9FFA-7801CA5687B4}"
EndProject
Project("{8BC9CEB8-8B4A-11D0-8D11-00A0C91BC942}") = "CornerSubPix", "CornerSubPix\CornerSubPix.vcxproj", "{1A221E6D-F314-4187-9503-01DC142A3CC5}"
EndProject
Global
	GlobalSection(SolutionConfigurationPlatforms) = preSolution
		Debug|x64 = Debug|x64
		Debug|x86 = Debug|x86
		Release|x64 = Release|x64
		Release|x86 = Release|x86
	EndGlobalSection
	GlobalSection(ProjectConfigurationPlatforms) = postSolution
		{85714340-7DA9-4EF2-9AEC-1B6B6C325830}.Debug|x64.ActiveCfg = Debug|x64
		{85714340-7DA9-4EF2-9AEC-1B6B6C325830}.Debug|x64.Build.0 = Debug|x64
		{85714340-7DA9-4EF2-9AEC-1B6B6C325830}.Debug|x86.ActiveCfg = Debug|Win32
		{85714340-7DA9-4EF2-9AEC-1B6B6C325830}.Debug|x86.Build.0 = Debug|Win32
		{85714340-7DA9-4EF2-9AEC-1B6B6C325830}.Release|x64.ActiveCfg = Release|x64
		{85714340-7DA9-4EF2-9AEC-1B6B6C325830}.Release|x64.Build.0 = Release|x64
		{85714340-7DA9-4EF2-9AEC-1B6B6C325830}.Release|x86.ActiveCfg = Release|Win32
		{85714340-7DA9-4EF2-9AEC-1B6B6C325830}.Release|x86.Build.0 = Release|Win32
		{28A807D8-AB45-4FD7-804C-4E879D3F4E51}.Debug|x64.ActiveCfg = Debug|x64
		{28A807D8-AB45-4FD7-804C-4E879D3F4E51}.Debug|x64.Build.0 = Debug|x64
		{28A807D8-AB45-4FD7-804C-4E879D3F4E51}.Debug|x86.ActiveCfg = Debug|Win32
		{28A807D8-AB45-4FD7-804C-4E879D3F4E51}.Debug|x86.Build.0 = Debug|Win32
		{28A807D8-AB45-4FD7-804C-4E879D3F4E51}.Release|x64.ActiveCfg = Release|x64
		{28A807D8-AB45-4FD7-804C-4E879D3F4E51}.Release|x64.Build.0 = Release|x64
		{28A807D8-AB45-4FD7-804C-4E879D3F4E51}.Release|x86.ActiveCfg = Release|Win32
		{28A807D8-AB45-4FD7-804C-4E879D3F4E51}.Release|x86.Build.0 = Release|Win32
		{390D458C-A81F-4D65-A908-EAC998CF42BE}.Debug|x64.ActiveCfg = Debug|x64
		{390D458C-A81F-4D65-A908-EAC998CF42BE}.Debug|x64.Build.0 = Debug|x64
		{390D458C-A81F-4D65-A908-EAC998CF42BE}.Debug|x86.ActiveCfg = Debug|Win32
		{390D458C-A81F-4D65-A908-EAC998CF42BE}.Debug|x86.Build.0 = Debug|Win32
		{390D458C-A81F-4D65-A908-EAC998CF42BE}.Release|x64.ActiveCfg = Release|x64
		{390D458C-A81F-4D65-A908-EAC998CF42BE}.Release|x64.Build.0 = Release|x64
		{390D458C-A81F-4D65-A908-EAC998CF42BE}.Release|x86.ActiveCfg = Release|Win32
		{390D458C-A81F-4D65-A908-EAC998CF42BE}.Release|x86.Build.0 = Release|Win32
		{E0E9E504-5164-40FB-9341-62E05F3CEFB7}.Debug|x64.ActiveCfg = Debug|x64
		{E0E9E504-5164-40FB-9341-62E05F3CEFB7}.Debug|x64.Build.0 = Debug|x64
		{E0E9E504-5164-40FB-9341-62E05F3CEFB7}.Debug|x86.ActiveCfg = Debug|Win32
		{E0E9E504-5164-40FB-9341-62E05F3CEFB7}.Debug|x86.Build.0 = Debug|Win32
		{E0E9E504-5164-40FB-9341-62E05F3CEFB7}.Release|x64.ActiveCfg = Release|x64
		{E0E9E504-5164-40FB-9341-62E05F3CEFB7}.Release|x64.Build.0 = Release|x64
		{E0E9E504-5164-40FB-9341-62E05F3CEFB7}.Release|x86.ActiveCfg = Release|Win32
		{E0E9E504-5164-40FB-9341-62E05F3CEFB7}.Release|x86.Build.0 = Release|Win32
		{BBCBD747-052E-4447-A08F-A61D224A42E9}.Debug|x64.ActiveCfg = Debug|x64
		{BBCBD747-052E-4447-A08F-A61D224A42E9}.Debug|x64.Build.0 = Debug|x64
		{BBCBD747-052E-4447-A08F-A61D224A42E9}.Debug|x86.ActiveCfg = Debug|Win32
		{BBCBD747-052E-4447-A08F-A61D224A42E9}.Debug|x86.Build.0 = Debug|Win32
		{BBCBD747-052E-4447-A08F-A61D224A42E9}.Release|x64.ActiveCfg = Release|x64
		{BBCBD747-052E-4447-A08F-A61D224A42E9}.Release|x64.Build.0 = Release|x64
		{BBCBD747-052E-4447-A08F-A61D224A42E9}.Release|x86.ActiveCfg = Release|Win32
		{BBCBD747-052E-4447-A08F-A61D224A42E9}.Release|x86.Build.0 = Release|Win32
		{CA9FBCBD-CDAD-49B8-B147-82D85F297ADD}.Debug|x64.ActiveCfg = Debug|x64
		{CA9FBCBD-CDAD-49B8-B147-82D85F297ADD}.Debug|x64.Build.0 = Debug|x64
		{CA9FBCBD-CDAD-49B8-B147-82D85F297ADD}.Debug|x86.ActiveCfg = Debug|Win32
		{CA9FBCBD-CDAD-49B8-B147-82D85F297ADD}.Debug|x86.Build.0 = Debug|Win32
		{CA9FBCBD-CDAD-49B8-B147-82D85F297ADD}.Release|x64.ActiveCfg = Release|x64
		{CA9FBCBD-CDAD-49B8-B147-82D85F297ADD}.Release|x64.Build.0 = Release|x64
		{CA9FBCBD-CDAD-49B8-B147-82D85F297ADD}.Release|x86.ActiveCfg = Release|Win32
		{CA9FBCBD-CDAD-49B8-B147-82D85F297ADD}.Release|x86.Build.0 = Release|Win32
		{45A151B2-38C4-4621-8894-4157CEF9B34F}.Debug|x64.ActiveCfg = Debug|x64
		{45A151B2-38C4-4621-8894-4157CEF9B34F}.Debug|x64.Build.0 = Debug|x64
		{45A151B2-38C4-4621-8894-4157CEF9B34F}.Debug|x86.ActiveCfg = Debug|Win32
		{45A151B2-38C4-4621-8894-4157CEF9B34F}.Debug|x86.Build.0 = Debug|Win32
		{45A151B2-38C4-4621-8894-4157CEF9B34F}.Release|x64.ActiveCfg = Release|x64
		{45A151B2-38C4-4621-8894-4157CEF9B34F}.Release|x64.Build.0 = Release|x64
		{45A151B2-38C4-4621-8894-4157CEF9B34F}.Release|x86.ActiveCfg = Release|Win32
		{45A151B2-38C4-4621-8894-4157CEF9B34F}.Release|x86.Build.0 = Release|Win32
		{82893845-8D6C-4C64-9FFA-7801CA5687B4}.Debug|x64.ActiveCfg = Debug|x64
		{82893845-8D6C-4C64-9FFA-7801CA5687B4}.Debug|x64.Build.0 = Debug|x64
		{82893845-8D6C-4C64-9FFA-7801CA5687B4}.Debug|x86.ActiveCfg = Debug|Win32
		{82893845-8D6C-4C64-9FFA-7801CA5687B4}.Debug|x86.Build.0 = Debug|Win32
		{82893845-8D6C-4C64-9FFA-7801CA5687B4}.Release|x64.ActiveCfg = Release|x64
		{82893845-8D6C-4C64-9FFA-7801CA5687B4}.Release|x64.Build.0 = Release|x64
		{82893845-8D6C-4C64-9FFA-7801CA5687B4}.Release|x86.ActiveCfg = Release|Win32
		{82893845-8D6C-4C64-9FFA-7801CA5687B4}.Release|x86.Build.0 = Release|Win32
		{1A221E6D-F314-4187-9503-01DC142A3CC5}.Debug|x64.ActiveCfg = Debug|x64
		{1A221E6D-F314-4187-9503-01DC142A3CC5}.Debug|x64.Build.0 = Debug|x64
		{1A221E6D-F314-4187-9503-01DC142A3CC5}.Debug|x86.ActiveCfg = Debug|Win32
		{1A221E6D-F314-4187-9503-01DC142A3CC5}.Debug|x86.Build.0 = Debug|Win32
		{1A221E6D-F314-4187-9503-01DC142A3CC5}.Release|x64.ActiveCfg = Release|x64
		{1A221E6D-F314-4187-9503-01DC142A3CC5}.Release|x64.Build.0 = Release|x64
		{1A221E6D-F314-4187-9503-01DC142A3CC5}.Release|x86.ActiveCfg = Release|Win32
		{1A221E6D-F314-4187-9503-01DC142A3CC5}.Release|x86.Build.0 = Release|Win32
	EndGlobalSection
	GlobalSection(SolutionProperties) = preSolution
		HideSolutionNode = FALSE
	EndGlobalSection
	GlobalSection(NestedProjects) = preSolution
		{3B8BC870-0E00-4F0E-9979-943F08D0B5D2} = {F21F956E-8FA0-45F5-8DEC-F555A05A90D1}
		{2DD1671A-3ADC-42E6-80EC-E75BADDB7369} = {F21F956E-8FA0-45F5-8DEC-F555A05A90D1}
		{C263AD07-22E0-4A10-8EDA-AF1D569683AA} = {F21F956E-8FA0-45F5-8DEC-F555A05A90D1}
		{85714340-7DA9-4EF2-9AEC-1B6B6C325830} = {C263AD07-22E0-4A10-8EDA-AF1D569683AA}
		{28A807D8-AB45-4FD7-804C-4E879D3F4E51} = {C263AD07-22E0-4A10-8EDA-AF1D569683AA}
		{390D458C-A81F-4D65-A908-EAC998CF42BE} = {C263AD07-22E0-4A10-8EDA-AF1D569683AA}
		{E0E9E504-5164-40FB-9341-62E05F3CEFB7} = {3B8BC870-0E00-4F0E-9979-943F08D0B5D2}
		{BBCBD747-052E-4447-A08F-A61D224A42E9} = {3B8BC870-0E00-4F0E-9979-943F08D0B5D2}
		{CA9FBCBD-CDAD-49B8-B147-82D85F297ADD} = {3B8BC870-0E00-4F0E-9979-943F08D0B5D2}
		{45A151B2-38C4-4621-8894-4157CEF9B34F} = {2DD1671A-3ADC-42E6-80EC-E75BADDB7369}
		{82893845-8D6C-4C64-9FFA-7801CA5687B4} = {2DD1671A-3ADC-42E6-80EC-E75BADDB7369}
		{1A221E6D-F314-4187-9503-01DC142A3CC5} = {2DD1671A-3ADC-42E6-80EC-E75BADDB7369}
	EndGlobalSection
	GlobalSection(ExtensibilityGlobals) = postSolution
		SolutionGuid = {D7D35004-48E4-4A9E-B6F7-058FFA663D02}
	EndGlobalSection
EndGlobal
